
Microsoft Visual Studio Solution File, Format Version 12.00
# Visual Studio Version 17
VisualStudioVersion = 17.7.34031.279
MinimumVisualStudioVersion = 10.0.40219.1
Project("{FAE04EC0-301F-11D3-BF4B-00C04F79EFBC}") = "DINet-UI", "DINet-UI\DINet-UI.csproj", "{527672C8-C956-40C0-A4E7-E253869BD2EE}"
EndProject
Global
	GlobalSection(SolutionConfigurationPlatforms) = preSolution
		Debug|Any CPU = Debug|Any CPU
		Release|Any CPU = Release|Any CPU
	EndGlobalSection
	GlobalSection(ProjectConfigurationPlatforms) = postSolution
		{527672C8-C956-40C0-A4E7-E253869BD2EE}.Debug|Any CPU.ActiveCfg = Debug|Any CPU
		{527672C8-C956-40C0-A4E7-E253869BD2EE}.Debug|Any CPU.Build.0 = Debug|Any CPU
		{527672C8-C956-40C0-A4E7-E253869BD2EE}.Release|Any CPU.ActiveCfg = Release|Any CPU
		{527672C8-C956-40C0-A4E7-E253869BD2EE}.Release|Any CPU.Build.0 = Release|Any CPU
	EndGlobalSection
	GlobalSection(SolutionProperties) = preSolution
		HideSolutionNode = FALSE
	EndGlobalSection
	GlobalSection(ExtensibilityGlobals) = postSolution
		SolutionGuid = {DCAAE509-4352-4B3E-A865-EA8A767E882B}
	EndGlobalSection
EndGlobal
